
Microsoft Visual Studio Solution File, Format Version 12.00
# Visual Studio 15
Project("{FAE04EC0-301F-11D3-BF4B-00C04F79EFBC}") = "Assembly-CSharp", "Assembly-CSharp.csproj", "{C2B0181B-FFE7-BDD2-4993-19B9DE14EAEF}"
EndProject
Project("{FAE04EC0-301F-11D3-BF4B-00C04F79EFBC}") = "Assembly-CSharp-Editor", "Assembly-CSharp-Editor.csproj", "{B1C9E2CB-23DF-4ECF-8442-7BC9DE616BD8}"
EndProject
Global
	GlobalSection(SolutionConfigurationPlatforms) = preSolution
		Debug|Any CPU = Debug|Any CPU
		Release|Any CPU = Release|Any CPU
	EndGlobalSection
	GlobalSection(ProjectConfigurationPlatforms) = postSolution
		{C2B0181B-FFE7-BDD2-4993-19B9DE14EAEF}.Debug|Any CPU.ActiveCfg = Debug|Any CPU
		{C2B0181B-FFE7-BDD2-4993-19B9DE14EAEF}.Debug|Any CPU.Build.0 = Debug|Any CPU
		{C2B0181B-FFE7-BDD2-4993-19B9DE14EAEF}.Release|Any CPU.ActiveCfg = Release|Any CPU
		{C2B0181B-FFE7-BDD2-4993-19B9DE14EAEF}.Release|Any CPU.Build.0 = Release|Any CPU
		{B1C9E2CB-23DF-4ECF-8442-7BC9DE616BD8}.Debug|Any CPU.ActiveCfg = Debug|Any CPU
		{B1C9E2CB-23DF-4ECF-8442-7BC9DE616BD8}.Debug|Any CPU.Build.0 = Debug|Any CPU
		{B1C9E2CB-23DF-4ECF-8442-7BC9DE616BD8}.Release|Any CPU.ActiveCfg = Release|Any CPU
		{B1C9E2CB-23DF-4ECF-8442-7BC9DE616BD8}.Release|Any CPU.Build.0 = Release|Any CPU
	EndGlobalSection
	GlobalSection(SolutionProperties) = preSolution
		HideSolutionNode = FALSE
	EndGlobalSection
EndGlobal
